
Microsoft Visual Studio Solution File, Format Version 12.00
# Visual Studio Version 16
VisualStudioVersion = 16.0.29911.84
MinimumVisualStudioVersion = 10.0.40219.1
Project("{FAE04EC0-301F-11D3-BF4B-00C04F79EFBC}") = "Pilkarze2", "Pilkarze2.csproj", "{F56ADFCC-EFBE-440C-98F8-C6E232E5503A}"
EndProject
Global
	GlobalSection(SolutionConfigurationPlatforms) = preSolution
		Debug|Any CPU = Debug|Any CPU
		Release|Any CPU = Release|Any CPU
	EndGlobalSection
	GlobalSection(ProjectConfigurationPlatforms) = postSolution
		{F56ADFCC-EFBE-440C-98F8-C6E232E5503A}.Debug|Any CPU.ActiveCfg = Debug|Any CPU
		{F56ADFCC-EFBE-440C-98F8-C6E232E5503A}.Debug|Any CPU.Build.0 = Debug|Any CPU
		{F56ADFCC-EFBE-440C-98F8-C6E232E5503A}.Release|Any CPU.ActiveCfg = Release|Any CPU
		{F56ADFCC-EFBE-440C-98F8-C6E232E5503A}.Release|Any CPU.Build.0 = Release|Any CPU
	EndGlobalSection
	GlobalSection(SolutionProperties) = preSolution
		HideSolutionNode = FALSE
	EndGlobalSection
	GlobalSection(ExtensibilityGlobals) = postSolution
		SolutionGuid = {B460EC34-ADF5-4683-A6DD-9539A6F6780E}
	EndGlobalSection
EndGlobal
